// !$*UTF8*$!
{
	archiveVersion = 1;
	classes = {
	};
	objectVersion = 46;
	objects = {

/* Begin PBXBuildFile section */
		E151AE501F8B5E5A00A402FB /* ResourcePath.mm in Sources */ = {isa = PBXBuildFile; fileRef = E151AE4F1F8B5E5A00A402FB /* ResourcePath.mm */; };
		E151AE531F8B5E5A00A402FB /* main.cpp in Sources */ = {isa = PBXBuildFile; fileRef = E151AE521F8B5E5A00A402FB /* main.cpp */; };
		E151AE561F8B5E5A00A402FB /* cute_image.jpg in Resources */ = {isa = PBXBuildFile; fileRef = E151AE551F8B5E5A00A402FB /* cute_image.jpg */; };
		E151AE581F8B5E5A00A402FB /* nice_music.ogg in Resources */ = {isa = PBXBuildFile; fileRef = E151AE571F8B5E5A00A402FB /* nice_music.ogg */; };
		E151AE5A1F8B5E5A00A402FB /* sansation.ttf in Resources */ = {isa = PBXBuildFile; fileRef = E151AE591F8B5E5A00A402FB /* sansation.ttf */; };
		E151AE5C1F8B5E5A00A402FB /* icon.png in Resources */ = {isa = PBXBuildFile; fileRef = E151AE5B1F8B5E5A00A402FB /* icon.png */; };
		E151AE681F8B614D00A402FB /* Character.cpp in Sources */ = {isa = PBXBuildFile; fileRef = E151AE631F8B614D00A402FB /* Character.cpp */; };
		E151AE691F8B614D00A402FB /* AbstractEntity.cpp in Sources */ = {isa = PBXBuildFile; fileRef = E151AE671F8B614D00A402FB /* AbstractEntity.cpp */; };
		E151AE7D1F8B6C4000A402FB /* TimeManager.cpp in Sources */ = {isa = PBXBuildFile; fileRef = E151AE6A1F8B6C4000A402FB /* TimeManager.cpp */; };
		E151AE7E1F8B6C4000A402FB /* ResourcePath.mm in Sources */ = {isa = PBXBuildFile; fileRef = E151AE6B1F8B6C4000A402FB /* ResourcePath.mm */; };
		E151AE7F1F8B6C4000A402FB /* LBG2-Info.plist in Resources */ = {isa = PBXBuildFile; fileRef = E151AE6F1F8B6C4000A402FB /* LBG2-Info.plist */; };
		E151AE801F8B6C4000A402FB /* Character.cpp in Sources */ = {isa = PBXBuildFile; fileRef = E151AE701F8B6C4000A402FB /* Character.cpp */; };
		E151AE811F8B6C4000A402FB /* Scene.cpp in Sources */ = {isa = PBXBuildFile; fileRef = E151AE711F8B6C4000A402FB /* Scene.cpp */; };
		E151AE821F8B6C4000A402FB /* SprinterMonster.cpp in Sources */ = {isa = PBXBuildFile; fileRef = E151AE731F8B6C4000A402FB /* SprinterMonster.cpp */; };
		E151AE831F8B6C4000A402FB /* ZombieMonster.cpp in Sources */ = {isa = PBXBuildFile; fileRef = E151AE741F8B6C4000A402FB /* ZombieMonster.cpp */; };
		E151AE841F8B6C4000A402FB /* MonsterFactory.cpp in Sources */ = {isa = PBXBuildFile; fileRef = E151AE751F8B6C4000A402FB /* MonsterFactory.cpp */; };
		E151AE851F8B6C4000A402FB /* AbstractEntity.cpp in Sources */ = {isa = PBXBuildFile; fileRef = E151AE7C1F8B6C4000A402FB /* AbstractEntity.cpp */; };
/* End PBXBuildFile section */

/* Begin PBXFileReference section */
		E151AE4A1F8B5E5A00A402FB /* LBG2.app */ = {isa = PBXFileReference; explicitFileType = wrapper.application; includeInIndex = 0; path = LBG2.app; sourceTree = BUILT_PRODUCTS_DIR; };
		E151AE4E1F8B5E5A00A402FB /* LBG2-Info.plist */ = {isa = PBXFileReference; lastKnownFileType = text.plist.xml; path = "LBG2-Info.plist"; sourceTree = "<group>"; };
		E151AE4F1F8B5E5A00A402FB /* ResourcePath.mm */ = {isa = PBXFileReference; lastKnownFileType = sourcecode.cpp.objcpp; path = ResourcePath.mm; sourceTree = "<group>"; };
		E151AE511F8B5E5A00A402FB /* ResourcePath.hpp */ = {isa = PBXFileReference; lastKnownFileType = sourcecode.cpp.h; path = ResourcePath.hpp; sourceTree = "<group>"; };
		E151AE521F8B5E5A00A402FB /* main.cpp */ = {isa = PBXFileReference; lastKnownFileType = sourcecode.cpp.cpp; path = main.cpp; sourceTree = "<group>"; };
		E151AE551F8B5E5A00A402FB /* cute_image.jpg */ = {isa = PBXFileReference; lastKnownFileType = image.jpeg; path = cute_image.jpg; sourceTree = "<group>"; };
		E151AE571F8B5E5A00A402FB /* nice_music.ogg */ = {isa = PBXFileReference; lastKnownFileType = file; path = nice_music.ogg; sourceTree = "<group>"; };
		E151AE591F8B5E5A00A402FB /* sansation.ttf */ = {isa = PBXFileReference; lastKnownFileType = file; path = sansation.ttf; sourceTree = "<group>"; };
		E151AE5B1F8B5E5A00A402FB /* icon.png */ = {isa = PBXFileReference; lastKnownFileType = image.png; path = icon.png; sourceTree = "<group>"; };
		E151AE621F8B614D00A402FB /* IObservable.hh */ = {isa = PBXFileReference; fileEncoding = 4; lastKnownFileType = sourcecode.cpp.h; path = IObservable.hh; sourceTree = "<group>"; };
		E151AE631F8B614D00A402FB /* Character.cpp */ = {isa = PBXFileReference; fileEncoding = 4; lastKnownFileType = sourcecode.cpp.cpp; path = Character.cpp; sourceTree = "<group>"; };
		E151AE641F8B614D00A402FB /* Character.hh */ = {isa = PBXFileReference; fileEncoding = 4; lastKnownFileType = sourcecode.cpp.h; path = Character.hh; sourceTree = "<group>"; };
		E151AE651F8B614D00A402FB /* AbstractEntity.hh */ = {isa = PBXFileReference; fileEncoding = 4; lastKnownFileType = sourcecode.cpp.h; path = AbstractEntity.hh; sourceTree = "<group>"; };
		E151AE661F8B614D00A402FB /* IObserver.hh */ = {isa = PBXFileReference; fileEncoding = 4; lastKnownFileType = sourcecode.cpp.h; path = IObserver.hh; sourceTree = "<group>"; };
		E151AE671F8B614D00A402FB /* AbstractEntity.cpp */ = {isa = PBXFileReference; fileEncoding = 4; lastKnownFileType = sourcecode.cpp.cpp; path = AbstractEntity.cpp; sourceTree = "<group>"; };
		E151AE6A1F8B6C4000A402FB /* TimeManager.cpp */ = {isa = PBXFileReference; fileEncoding = 4; lastKnownFileType = sourcecode.cpp.cpp; path = TimeManager.cpp; sourceTree = "<group>"; };
		E151AE6B1F8B6C4000A402FB /* ResourcePath.mm */ = {isa = PBXFileReference; fileEncoding = 4; lastKnownFileType = sourcecode.cpp.objcpp; path = ResourcePath.mm; sourceTree = "<group>"; };
		E151AE6C1F8B6C4000A402FB /* ResourcePath.hpp */ = {isa = PBXFileReference; fileEncoding = 4; lastKnownFileType = sourcecode.cpp.h; path = ResourcePath.hpp; sourceTree = "<group>"; };
		E151AE6D1F8B6C4000A402FB /* TimeManager.hh */ = {isa = PBXFileReference; fileEncoding = 4; lastKnownFileType = sourcecode.cpp.h; path = TimeManager.hh; sourceTree = "<group>"; };
		E151AE6E1F8B6C4000A402FB /* IObservable.hh */ = {isa = PBXFileReference; fileEncoding = 4; lastKnownFileType = sourcecode.cpp.h; path = IObservable.hh; sourceTree = "<group>"; };
		E151AE6F1F8B6C4000A402FB /* LBG2-Info.plist */ = {isa = PBXFileReference; fileEncoding = 4; lastKnownFileType = text.plist.xml; path = "LBG2-Info.plist"; sourceTree = "<group>"; };
		E151AE701F8B6C4000A402FB /* Character.cpp */ = {isa = PBXFileReference; fileEncoding = 4; lastKnownFileType = sourcecode.cpp.cpp; path = Character.cpp; sourceTree = "<group>"; };
		E151AE711F8B6C4000A402FB /* Scene.cpp */ = {isa = PBXFileReference; fileEncoding = 4; lastKnownFileType = sourcecode.cpp.cpp; path = Scene.cpp; sourceTree = "<group>"; };
		E151AE721F8B6C4000A402FB /* Character.hh */ = {isa = PBXFileReference; fileEncoding = 4; lastKnownFileType = sourcecode.cpp.h; path = Character.hh; sourceTree = "<group>"; };
		E151AE731F8B6C4000A402FB /* SprinterMonster.cpp */ = {isa = PBXFileReference; fileEncoding = 4; lastKnownFileType = sourcecode.cpp.cpp; path = SprinterMonster.cpp; sourceTree = "<group>"; };
		E151AE741F8B6C4000A402FB /* ZombieMonster.cpp */ = {isa = PBXFileReference; fileEncoding = 4; lastKnownFileType = sourcecode.cpp.cpp; path = ZombieMonster.cpp; sourceTree = "<group>"; };
		E151AE751F8B6C4000A402FB /* MonsterFactory.cpp */ = {isa = PBXFileReference; fileEncoding = 4; lastKnownFileType = sourcecode.cpp.cpp; path = MonsterFactory.cpp; sourceTree = "<group>"; };
		E151AE761F8B6C4000A402FB /* Scene.hh */ = {isa = PBXFileReference; fileEncoding = 4; lastKnownFileType = sourcecode.cpp.h; path = Scene.hh; sourceTree = "<group>"; };
		E151AE771F8B6C4000A402FB /* SprinterMonster.hh */ = {isa = PBXFileReference; fileEncoding = 4; lastKnownFileType = sourcecode.cpp.h; path = SprinterMonster.hh; sourceTree = "<group>"; };
		E151AE781F8B6C4000A402FB /* ZombieMonster.hh */ = {isa = PBXFileReference; fileEncoding = 4; lastKnownFileType = sourcecode.cpp.h; path = ZombieMonster.hh; sourceTree = "<group>"; };
		E151AE791F8B6C4000A402FB /* AbstractEntity.hh */ = {isa = PBXFileReference; fileEncoding = 4; lastKnownFileType = sourcecode.cpp.h; path = AbstractEntity.hh; sourceTree = "<group>"; };
		E151AE7A1F8B6C4000A402FB /* IObserver.hh */ = {isa = PBXFileReference; fileEncoding = 4; lastKnownFileType = sourcecode.cpp.h; path = IObserver.hh; sourceTree = "<group>"; };
		E151AE7B1F8B6C4000A402FB /* MonsterFactory.hh */ = {isa = PBXFileReference; fileEncoding = 4; lastKnownFileType = sourcecode.cpp.h; path = MonsterFactory.hh; sourceTree = "<group>"; };
		E151AE7C1F8B6C4000A402FB /* AbstractEntity.cpp */ = {isa = PBXFileReference; fileEncoding = 4; lastKnownFileType = sourcecode.cpp.cpp; path = AbstractEntity.cpp; sourceTree = "<group>"; };
/* End PBXFileReference section */

/* Begin PBXFrameworksBuildPhase section */
		E151AE461F8B5E5A00A402FB /* Frameworks */ = {
			isa = PBXFrameworksBuildPhase;
			buildActionMask = 2147483647;
			files = (
			);
			runOnlyForDeploymentPostprocessing = 0;
		};
/* End PBXFrameworksBuildPhase section */

/* Begin PBXGroup section */
		E151AE401F8B5E5A00A402FB = {
			isa = PBXGroup;
			children = (
				E151AE4C1F8B5E5A00A402FB /* LBG2 */,
				E151AE4B1F8B5E5A00A402FB /* Products */,
			);
			sourceTree = "<group>";
		};
		E151AE4B1F8B5E5A00A402FB /* Products */ = {
			isa = PBXGroup;
			children = (
				E151AE4A1F8B5E5A00A402FB /* LBG2.app */,
			);
			name = Products;
			sourceTree = "<group>";
		};
		E151AE4C1F8B5E5A00A402FB /* LBG2 */ = {
			isa = PBXGroup;
			children = (
				E151AE4F1F8B5E5A00A402FB /* ResourcePath.mm */,
				E151AE511F8B5E5A00A402FB /* ResourcePath.hpp */,
				E151AE621F8B614D00A402FB /* IObservable.hh */,
				E151AE631F8B614D00A402FB /* Character.cpp */,
				E151AE641F8B614D00A402FB /* Character.hh */,
				E151AE651F8B614D00A402FB /* AbstractEntity.hh */,
				E151AE6A1F8B6C4000A402FB /* TimeManager.cpp */,
				E151AE6B1F8B6C4000A402FB /* ResourcePath.mm */,
				E151AE6C1F8B6C4000A402FB /* ResourcePath.hpp */,
				E151AE6D1F8B6C4000A402FB /* TimeManager.hh */,
				E151AE6E1F8B6C4000A402FB /* IObservable.hh */,
				E151AE6F1F8B6C4000A402FB /* LBG2-Info.plist */,
				E151AE701F8B6C4000A402FB /* Character.cpp */,
				E151AE711F8B6C4000A402FB /* Scene.cpp */,
				E151AE721F8B6C4000A402FB /* Character.hh */,
				E151AE731F8B6C4000A402FB /* SprinterMonster.cpp */,
				E151AE741F8B6C4000A402FB /* ZombieMonster.cpp */,
				E151AE751F8B6C4000A402FB /* MonsterFactory.cpp */,
				E151AE761F8B6C4000A402FB /* Scene.hh */,
				E151AE771F8B6C4000A402FB /* SprinterMonster.hh */,
				E151AE781F8B6C4000A402FB /* ZombieMonster.hh */,
				E151AE791F8B6C4000A402FB /* AbstractEntity.hh */,
				E151AE7A1F8B6C4000A402FB /* IObserver.hh */,
				E151AE7B1F8B6C4000A402FB /* MonsterFactory.hh */,
				E151AE7C1F8B6C4000A402FB /* AbstractEntity.cpp */,
				E151AE661F8B614D00A402FB /* IObserver.hh */,
				E151AE671F8B614D00A402FB /* AbstractEntity.cpp */,
				E151AE521F8B5E5A00A402FB /* main.cpp */,
				E151AE541F8B5E5A00A402FB /* Resources */,
				E151AE4D1F8B5E5A00A402FB /* Supporting Files */,
			);
			path = LBG2;
			sourceTree = "<group>";
		};
		E151AE4D1F8B5E5A00A402FB /* Supporting Files */ = {
			isa = PBXGroup;
			children = (
				E151AE4E1F8B5E5A00A402FB /* LBG2-Info.plist */,
			);
			name = "Supporting Files";
			sourceTree = "<group>";
		};
		E151AE541F8B5E5A00A402FB /* Resources */ = {
			isa = PBXGroup;
			children = (
				E151AE551F8B5E5A00A402FB /* cute_image.jpg */,
				E151AE571F8B5E5A00A402FB /* nice_music.ogg */,
				E151AE591F8B5E5A00A402FB /* sansation.ttf */,
				E151AE5B1F8B5E5A00A402FB /* icon.png */,
			);
			name = Resources;
			sourceTree = "<group>";
		};
/* End PBXGroup section */

/* Begin PBXNativeTarget section */
		E151AE491F8B5E5A00A402FB /* LBG2 */ = {
			isa = PBXNativeTarget;
			buildConfigurationList = E151AE5F1F8B5E5A00A402FB /* Build configuration list for PBXNativeTarget "LBG2" */;
			buildPhases = (
				E151AE451F8B5E5A00A402FB /* Sources */,
				E151AE461F8B5E5A00A402FB /* Frameworks */,
				E151AE471F8B5E5A00A402FB /* Resources */,
				E151AE481F8B5E5A00A402FB /* ShellScript */,
			);
			buildRules = (
			);
			dependencies = (
			);
			name = LBG2;
			productName = LBG2;
			productReference = E151AE4A1F8B5E5A00A402FB /* LBG2.app */;
			productType = "com.apple.product-type.application";
		};
/* End PBXNativeTarget section */

/* Begin PBXProject section */
		E151AE411F8B5E5A00A402FB /* Project object */ = {
			isa = PBXProject;
			attributes = {
				LastUpgradeCheck = 0820;
				ORGANIZATIONNAME = "Rémi Marchal";
				TargetAttributes = {
					E151AE491F8B5E5A00A402FB = {
						CreatedOnToolsVersion = 8.2.1;
						ProvisioningStyle = Automatic;
					};
				};
			};
			buildConfigurationList = E151AE441F8B5E5A00A402FB /* Build configuration list for PBXProject "LBG2" */;
			compatibilityVersion = "Xcode 3.2";
			developmentRegion = English;
			hasScannedForEncodings = 0;
			knownRegions = (
				en,
			);
			mainGroup = E151AE401F8B5E5A00A402FB;
			productRefGroup = E151AE4B1F8B5E5A00A402FB /* Products */;
			projectDirPath = "";
			projectRoot = "";
			targets = (
				E151AE491F8B5E5A00A402FB /* LBG2 */,
			);
		};
/* End PBXProject section */

/* Begin PBXResourcesBuildPhase section */
		E151AE471F8B5E5A00A402FB /* Resources */ = {
			isa = PBXResourcesBuildPhase;
			buildActionMask = 2147483647;
			files = (
				E151AE5C1F8B5E5A00A402FB /* icon.png in Resources */,
				E151AE5A1F8B5E5A00A402FB /* sansation.ttf in Resources */,
				E151AE7F1F8B6C4000A402FB /* LBG2-Info.plist in Resources */,
				E151AE581F8B5E5A00A402FB /* nice_music.ogg in Resources */,
				E151AE561F8B5E5A00A402FB /* cute_image.jpg in Resources */,
			);
			runOnlyForDeploymentPostprocessing = 0;
		};
/* End PBXResourcesBuildPhase section */

/* Begin PBXShellScriptBuildPhase section */
		E151AE481F8B5E5A00A402FB /* ShellScript */ = {
			isa = PBXShellScriptBuildPhase;
			buildActionMask = 2147483647;
			files = (
			);
			inputPaths = (
			);
			outputPaths = (
			);
			runOnlyForDeploymentPostprocessing = 0;
			shellPath = /bin/sh;
			shellScript = "# This shell script simply copies required SFML dylibs/frameworks into the application bundle frameworks folder.\n# If you're using static libraries (which is not recommended) you should remove this script from your project.\n\n# SETTINGS\nCMAKE_INSTALL_FRAMEWORK_PREFIX=\"/Library/Frameworks\"\nCMAKE_INSTALL_LIB_PREFIX=\"/usr/local/lib\"\nFRAMEWORKS_FULL_PATH=\"$BUILT_PRODUCTS_DIR/$FRAMEWORKS_FOLDER_PATH/\"\n\n# Are we building a project that uses frameworks or dylibs?\ncase \"$SFML_BINARY_TYPE\" in\n    DYLIBS)\n        frameworks=\"false\"\n        ;;\n    *)\n        frameworks=\"true\"\n        ;;\nesac\n\n# Echoes to stderr\nerror () # $* message to display\n{\n    echo $* 1>&2\n    exit 2\n}\n\nassert () # $1 is a boolean, $2...N is an error message\n{\n    if [ $# -lt 2 ]\n    then\n        error \"Internal error in assert: not enough args\"\n    fi\n\n    if [ $1 -ne 0 ]\n    then\n        shift\n        error \"$*\"\n    fi\n}\n\nforce_remove () # $@ is some paths\n{\n    test $# -ge 1\n    assert $? \"force_remove() requires at least one parameter\"\n    rm -fr $@\n    assert $? \"couldn't remove $@\"\n}\n\ncopy () # $1 is a source, $2 is a destination\n{\n    test $# -eq 2\n    assert $? \"copy() requires two parameters\"\n    ditto \"$1\" \"$2\"\n    assert $? \"couldn't copy $1 to $2\"\n}\n\nrequire () # $1 is a SFML module like 'system' or 'audio'\n{\n    dest=\"$BUILT_PRODUCTS_DIR/$FRAMEWORKS_FOLDER_PATH/\"\n\n    if [ -z \"$1\" ]\n    then\n        error \"require() requires one parameter!\"\n    else\n        # clean potentially old stuff\n        force_remove \"$dest/libsfml-$1\"*\n        force_remove \"$dest/sfml-$1.framework\"\n\n        # copy SFML libraries\n        if [ \"$frameworks\" = \"true\" ]\n        then\n            source=\"$CMAKE_INSTALL_FRAMEWORK_PREFIX/sfml-$1.framework\"\n            target=\"sfml-$1.framework\"\n        elif [ \"$SFML_LINK_DYLIBS_SUFFIX\" = \"-d\" ]\n        then\n            source=\"$CMAKE_INSTALL_LIB_PREFIX/libsfml-$1-d.dylib\"\n            target=\"`readlink $source`\"\n        else\n            source=\"$CMAKE_INSTALL_LIB_PREFIX/libsfml-$1.dylib\"\n            target=\"`readlink $source`\"\n        fi\n\n        copy \"$source\" \"$dest/$target\"\n\n        # copy extra dependencies\n        if [ \"$1\" = \"audio\" ]\n        then\n            # copy \"FLAC\" \"ogg\" \"vorbis\" \"vorbisenc\" \"vorbisfile\" \"OpenAL\" frameworks too\n            for f in \"FLAC\" \"ogg\" \"vorbis\" \"vorbisenc\" \"vorbisfile\" \"OpenAL\"\n            do\n                copy \"$CMAKE_INSTALL_FRAMEWORK_PREFIX/$f.framework\" \"$dest/$f.framework\"\n            done\n        elif [ \"$1\" = \"graphics\" ]\n        then\n            copy \"$CMAKE_INSTALL_FRAMEWORK_PREFIX/freetype.framework\" \"$dest/freetype.framework\"\n        fi\n    fi\n}\n\nif [ -n \"$SFML_SYSTEM\" ]\nthen\n    require \"system\"\nfi\n\nif [ -n \"$SFML_AUDIO\" ]\nthen\n    require \"audio\"\nfi\n\nif [ -n \"$SFML_NETWORK\" ]\nthen\n    require \"network\"\nfi\n\nif [ -n \"$SFML_WINDOW\" ]\nthen\n    require \"window\"\nfi\n\nif [ -n \"$SFML_GRAPHICS\" ]\nthen\n    require \"graphics\"\nfi\n\n                ";
		};
/* End PBXShellScriptBuildPhase section */

/* Begin PBXSourcesBuildPhase section */
		E151AE451F8B5E5A00A402FB /* Sources */ = {
			isa = PBXSourcesBuildPhase;
			buildActionMask = 2147483647;
			files = (
				E151AE811F8B6C4000A402FB /* Scene.cpp in Sources */,
				E151AE7E1F8B6C4000A402FB /* ResourcePath.mm in Sources */,
				E151AE831F8B6C4000A402FB /* ZombieMonster.cpp in Sources */,
				E151AE841F8B6C4000A402FB /* MonsterFactory.cpp in Sources */,
				E151AE851F8B6C4000A402FB /* AbstractEntity.cpp in Sources */,
				E151AE7D1F8B6C4000A402FB /* TimeManager.cpp in Sources */,
				E151AE801F8B6C4000A402FB /* Character.cpp in Sources */,
				E151AE691F8B614D00A402FB /* AbstractEntity.cpp in Sources */,
				E151AE821F8B6C4000A402FB /* SprinterMonster.cpp in Sources */,
				E151AE681F8B614D00A402FB /* Character.cpp in Sources */,
				E151AE531F8B5E5A00A402FB /* main.cpp in Sources */,
				E151AE501F8B5E5A00A402FB /* ResourcePath.mm in Sources */,
			);
			runOnlyForDeploymentPostprocessing = 0;
		};
/* End PBXSourcesBuildPhase section */

/* Begin XCBuildConfiguration section */
		E151AE5D1F8B5E5A00A402FB /* Debug */ = {
			isa = XCBuildConfiguration;
			buildSettings = {
				ARCHS = "$(NATIVE_ARCH_ACTUAL)";
				CLANG_CXX_LANGUAGE_STANDARD = "c++0x";
				CLANG_CXX_LIBRARY = "libc++";
				FRAMEWORK_SEARCH_PATHS = (
					/Library/Frameworks/,
					"$(inherited)",
				);
				GCC_VERSION = com.apple.compilers.llvm.clang.1_0;
				HEADER_SEARCH_PATHS = (
					/usr/local/include/,
					"$(inherited)",
				);
				LIBRARY_SEARCH_PATHS = (
					/usr/local/lib/,
					"$(inherited)",
				);
				MACOSX_DEPLOYMENT_TARGET = 10.7;
				OTHER_LDFLAGS = (
					"$(inherited)",
					"$(SFML_SYSTEM)",
					"$(SFML_WINDOW)",
					"$(SFML_GRAPHICS)",
					"$(SFML_AUDIO)",
					"$(SFML_NETWORK)",
				);
				SFML_AUDIO = "$(SFML_LINK_PREFIX) sfml-audio$(SFML_LINK_SUFFIX)";
				SFML_BINARY_TYPE = FRAMEWORKS;
				SFML_GRAPHICS = "$(SFML_LINK_PREFIX) sfml-graphics$(SFML_LINK_SUFFIX)";
				SFML_LINK_DYLIBS_PREFIX = "-l";
				SFML_LINK_DYLIBS_SUFFIX = "";
				SFML_LINK_FRAMEWORKS_PREFIX = "-framework";
				SFML_LINK_FRAMEWORKS_SUFFIX = "";
				SFML_LINK_PREFIX = "$(SFML_LINK_$(SFML_BINARY_TYPE)_PREFIX)";
				SFML_LINK_SUFFIX = "$(SFML_LINK_$(SFML_BINARY_TYPE)_SUFFIX)";
				SFML_NETWORK = "$(SFML_LINK_PREFIX) sfml-network$(SFML_LINK_SUFFIX)";
				SFML_SYSTEM = "$(SFML_LINK_PREFIX) sfml-system$(SFML_LINK_SUFFIX)";
				SFML_WINDOW = "$(SFML_LINK_PREFIX) sfml-window$(SFML_LINK_SUFFIX)";
				SUPPORTED_PLATFORMS = macosx;
			};
			name = Debug;
		};
		E151AE5E1F8B5E5A00A402FB /* Release */ = {
			isa = XCBuildConfiguration;
			buildSettings = {
				ARCHS = "$(NATIVE_ARCH_ACTUAL)";
				CLANG_CXX_LANGUAGE_STANDARD = "c++0x";
				CLANG_CXX_LIBRARY = "libc++";
				FRAMEWORK_SEARCH_PATHS = (
					/Library/Frameworks/,
					"$(inherited)",
				);
				GCC_VERSION = com.apple.compilers.llvm.clang.1_0;
				HEADER_SEARCH_PATHS = (
					/usr/local/include/,
					"$(inherited)",
				);
				LIBRARY_SEARCH_PATHS = (
					/usr/local/lib/,
					"$(inherited)",
				);
				MACOSX_DEPLOYMENT_TARGET = 10.7;
				OTHER_LDFLAGS = (
					"$(inherited)",
					"$(SFML_SYSTEM)",
					"$(SFML_WINDOW)",
					"$(SFML_GRAPHICS)",
					"$(SFML_AUDIO)",
					"$(SFML_NETWORK)",
				);
				SFML_AUDIO = "$(SFML_LINK_PREFIX) sfml-audio$(SFML_LINK_SUFFIX)";
				SFML_BINARY_TYPE = FRAMEWORKS;
				SFML_GRAPHICS = "$(SFML_LINK_PREFIX) sfml-graphics$(SFML_LINK_SUFFIX)";
				SFML_LINK_DYLIBS_PREFIX = "-l";
				SFML_LINK_DYLIBS_SUFFIX = "";
				SFML_LINK_FRAMEWORKS_PREFIX = "-framework";
				SFML_LINK_FRAMEWORKS_SUFFIX = "";
				SFML_LINK_PREFIX = "$(SFML_LINK_$(SFML_BINARY_TYPE)_PREFIX)";
				SFML_LINK_SUFFIX = "$(SFML_LINK_$(SFML_BINARY_TYPE)_SUFFIX)";
				SFML_NETWORK = "$(SFML_LINK_PREFIX) sfml-network$(SFML_LINK_SUFFIX)";
				SFML_SYSTEM = "$(SFML_LINK_PREFIX) sfml-system$(SFML_LINK_SUFFIX)";
				SFML_WINDOW = "$(SFML_LINK_PREFIX) sfml-window$(SFML_LINK_SUFFIX)";
				SUPPORTED_PLATFORMS = macosx;
			};
			name = Release;
		};
		E151AE601F8B5E5A00A402FB /* Debug */ = {
			isa = XCBuildConfiguration;
			buildSettings = {
				INFOPLIST_FILE = "LBG2/LBG2-Info.plist";
				LD_RUNPATH_SEARCH_PATHS = "@loader_path/../Frameworks";
				PRODUCT_NAME = "$(TARGET_NAME)";
			};
			name = Debug;
		};
		E151AE611F8B5E5A00A402FB /* Release */ = {
			isa = XCBuildConfiguration;
			buildSettings = {
				INFOPLIST_FILE = "LBG2/LBG2-Info.plist";
				LD_RUNPATH_SEARCH_PATHS = "@loader_path/../Frameworks";
				PRODUCT_NAME = "$(TARGET_NAME)";
			};
			name = Release;
		};
/* End XCBuildConfiguration section */

/* Begin XCConfigurationList section */
		E151AE441F8B5E5A00A402FB /* Build configuration list for PBXProject "LBG2" */ = {
			isa = XCConfigurationList;
			buildConfigurations = (
				E151AE5D1F8B5E5A00A402FB /* Debug */,
				E151AE5E1F8B5E5A00A402FB /* Release */,
			);
			defaultConfigurationIsVisible = 0;
			defaultConfigurationName = Release;
		};
		E151AE5F1F8B5E5A00A402FB /* Build configuration list for PBXNativeTarget "LBG2" */ = {
			isa = XCConfigurationList;
			buildConfigurations = (
				E151AE601F8B5E5A00A402FB /* Debug */,
				E151AE611F8B5E5A00A402FB /* Release */,
			);
			defaultConfigurationIsVisible = 0;
		};
/* End XCConfigurationList section */
	};
	rootObject = E151AE411F8B5E5A00A402FB /* Project object */;
}
